
Microsoft Visual Studio Solution File, Format Version 12.00
# Visual Studio Version 16
VisualStudioVersion = 16.0.33027.164
MinimumVisualStudioVersion = 10.0.40219.1
Project("{FAE04EC0-301F-11D3-BF4B-00C04F79EFBC}") = "OnlineExam", "OnlineExam\OnlineExam.csproj", "{DBDA3BF3-7E85-4D18-AC6B-A377D3634834}"
EndProject
Project("{FAE04EC0-301F-11D3-BF4B-00C04F79EFBC}") = "OnlineExamBLL", "OnlineExamBLL\OnlineExamBLL.csproj", "{D330CBAD-7281-4555-8D82-53D3E7234F46}"
EndProject
Project("{FAE04EC0-301F-11D3-BF4B-00C04F79EFBC}") = "OnlineExamDAL", "OnlineExamDAL\OnlineExamDAL.csproj", "{CE5A54C1-7476-4C79-A960-E9A07DE1D0DB}"
EndProject
Global
	GlobalSection(SolutionConfigurationPlatforms) = preSolution
		Debug|Any CPU = Debug|Any CPU
		Release|Any CPU = Release|Any CPU
	EndGlobalSection
	GlobalSection(ProjectConfigurationPlatforms) = postSolution
		{DBDA3BF3-7E85-4D18-AC6B-A377D3634834}.Debug|Any CPU.ActiveCfg = Debug|Any CPU
		{DBDA3BF3-7E85-4D18-AC6B-A377D3634834}.Debug|Any CPU.Build.0 = Debug|Any CPU
		{DBDA3BF3-7E85-4D18-AC6B-A377D3634834}.Release|Any CPU.ActiveCfg = Release|Any CPU
		{DBDA3BF3-7E85-4D18-AC6B-A377D3634834}.Release|Any CPU.Build.0 = Release|Any CPU
		{D330CBAD-7281-4555-8D82-53D3E7234F46}.Debug|Any CPU.ActiveCfg = Debug|Any CPU
		{D330CBAD-7281-4555-8D82-53D3E7234F46}.Debug|Any CPU.Build.0 = Debug|Any CPU
		{D330CBAD-7281-4555-8D82-53D3E7234F46}.Release|Any CPU.ActiveCfg = Release|Any CPU
		{D330CBAD-7281-4555-8D82-53D3E7234F46}.Release|Any CPU.Build.0 = Release|Any CPU
		{CE5A54C1-7476-4C79-A960-E9A07DE1D0DB}.Debug|Any CPU.ActiveCfg = Debug|Any CPU
		{CE5A54C1-7476-4C79-A960-E9A07DE1D0DB}.Debug|Any CPU.Build.0 = Debug|Any CPU
		{CE5A54C1-7476-4C79-A960-E9A07DE1D0DB}.Release|Any CPU.ActiveCfg = Release|Any CPU
		{CE5A54C1-7476-4C79-A960-E9A07DE1D0DB}.Release|Any CPU.Build.0 = Release|Any CPU
	EndGlobalSection
	GlobalSection(SolutionProperties) = preSolution
		HideSolutionNode = FALSE
	EndGlobalSection
	GlobalSection(ExtensibilityGlobals) = postSolution
		SolutionGuid = {F08C1378-DBC4-41AF-8BC0-C14BA7003042}
	EndGlobalSection
EndGlobal
